// !$*UTF8*$!
{
	archiveVersion = 1;
	classes = {
	};
	objectVersion = 50;
	objects = {

/* Begin PBXBuildFile section */
		A71BBC5E227045C800F638A9 /* AppDelegate.m in Sources */ = {isa = PBXBuildFile; fileRef = A71BBC5D227045C800F638A9 /* AppDelegate.m */; };
		A71BBC61227045C800F638A9 /* ViewController.m in Sources */ = {isa = PBXBuildFile; fileRef = A71BBC60227045C800F638A9 /* ViewController.m */; };
		A71BBC64227045C800F638A9 /* Main.storyboard in Resources */ = {isa = PBXBuildFile; fileRef = A71BBC62227045C800F638A9 /* Main.storyboard */; };
		A71BBC66227045C900F638A9 /* Assets.xcassets in Resources */ = {isa = PBXBuildFile; fileRef = A71BBC65227045C900F638A9 /* Assets.xcassets */; };
		A71BBC69227045C900F638A9 /* LaunchScreen.storyboard in Resources */ = {isa = PBXBuildFile; fileRef = A71BBC67227045C900F638A9 /* LaunchScreen.storyboard */; };
		A71BBC6C227045C900F638A9 /* main.m in Sources */ = {isa = PBXBuildFile; fileRef = A71BBC6B227045C900F638A9 /* main.m */; };
		A71BBC742270471000F638A9 /* MyTableViewController.m in Sources */ = {isa = PBXBuildFile; fileRef = A71BBC732270471000F638A9 /* MyTableViewController.m */; };
		A71BBC7722704AF000F638A9 /* MyTableViewCell.m in Sources */ = {isa = PBXBuildFile; fileRef = A71BBC7622704AF000F638A9 /* MyTableViewCell.m */; };
		BA7C50992273350D00DD5ADF /* apple.png in Resources */ = {isa = PBXBuildFile; fileRef = BA7C50982273350D00DD5ADF /* apple.png */; };
/* End PBXBuildFile section */

/* Begin PBXFileReference section */
		A71BBC59227045C800F638A9 /* CustomTableRow.app */ = {isa = PBXFileReference; explicitFileType = wrapper.application; includeInIndex = 0; path = CustomTableRow.app; sourceTree = BUILT_PRODUCTS_DIR; };
		A71BBC5C227045C800F638A9 /* AppDelegate.h */ = {isa = PBXFileReference; lastKnownFileType = sourcecode.c.h; path = AppDelegate.h; sourceTree = "<group>"; };
		A71BBC5D227045C800F638A9 /* AppDelegate.m */ = {isa = PBXFileReference; lastKnownFileType = sourcecode.c.objc; path = AppDelegate.m; sourceTree = "<group>"; };
		A71BBC5F227045C800F638A9 /* ViewController.h */ = {isa = PBXFileReference; lastKnownFileType = sourcecode.c.h; path = ViewController.h; sourceTree = "<group>"; };
		A71BBC60227045C800F638A9 /* ViewController.m */ = {isa = PBXFileReference; lastKnownFileType = sourcecode.c.objc; path = ViewController.m; sourceTree = "<group>"; };
		A71BBC63227045C800F638A9 /* Base */ = {isa = PBXFileReference; lastKnownFileType = file.storyboard; name = Base; path = Base.lproj/Main.storyboard; sourceTree = "<group>"; };
		A71BBC65227045C900F638A9 /* Assets.xcassets */ = {isa = PBXFileReference; lastKnownFileType = folder.assetcatalog; path = Assets.xcassets; sourceTree = "<group>"; };
		A71BBC68227045C900F638A9 /* Base */ = {isa = PBXFileReference; lastKnownFileType = file.storyboard; name = Base; path = Base.lproj/LaunchScreen.storyboard; sourceTree = "<group>"; };
		A71BBC6A227045C900F638A9 /* Info.plist */ = {isa = PBXFileReference; lastKnownFileType = text.plist.xml; path = Info.plist; sourceTree = "<group>"; };
		A71BBC6B227045C900F638A9 /* main.m */ = {isa = PBXFileReference; lastKnownFileType = sourcecode.c.objc; path = main.m; sourceTree = "<group>"; };
		A71BBC722270471000F638A9 /* MyTableViewController.h */ = {isa = PBXFileReference; lastKnownFileType = sourcecode.c.h; path = MyTableViewController.h; sourceTree = "<group>"; };
		A71BBC732270471000F638A9 /* MyTableViewController.m */ = {isa = PBXFileReference; lastKnownFileType = sourcecode.c.objc; path = MyTableViewController.m; sourceTree = "<group>"; };
		A71BBC7522704AF000F638A9 /* MyTableViewCell.h */ = {isa = PBXFileReference; lastKnownFileType = sourcecode.c.h; path = MyTableViewCell.h; sourceTree = "<group>"; };
		A71BBC7622704AF000F638A9 /* MyTableViewCell.m */ = {isa = PBXFileReference; lastKnownFileType = sourcecode.c.objc; path = MyTableViewCell.m; sourceTree = "<group>"; };
		BA7C50982273350D00DD5ADF /* apple.png */ = {isa = PBXFileReference; lastKnownFileType = image.png; path = apple.png; sourceTree = "<group>"; };
/* End PBXFileReference section */

/* Begin PBXFrameworksBuildPhase section */
		A71BBC56227045C800F638A9 /* Frameworks */ = {
			isa = PBXFrameworksBuildPhase;
			buildActionMask = 2147483647;
			files = (
			);
			runOnlyForDeploymentPostprocessing = 0;
		};
/* End PBXFrameworksBuildPhase section */

/* Begin PBXGroup section */
		A71BBC50227045C800F638A9 = {
			isa = PBXGroup;
			children = (
				BA7C50982273350D00DD5ADF /* apple.png */,
				A71BBC5B227045C800F638A9 /* CustomTableRow */,
				A71BBC5A227045C800F638A9 /* Products */,
			);
			sourceTree = "<group>";
		};
		A71BBC5A227045C800F638A9 /* Products */ = {
			isa = PBXGroup;
			children = (
				A71BBC59227045C800F638A9 /* CustomTableRow.app */,
			);
			name = Products;
			sourceTree = "<group>";
		};
		A71BBC5B227045C800F638A9 /* CustomTableRow */ = {
			isa = PBXGroup;
			children = (
				A71BBC5C227045C800F638A9 /* AppDelegate.h */,
				A71BBC5D227045C800F638A9 /* AppDelegate.m */,
				A71BBC5F227045C800F638A9 /* ViewController.h */,
				A71BBC60227045C800F638A9 /* ViewController.m */,
				A71BBC62227045C800F638A9 /* Main.storyboard */,
				A71BBC65227045C900F638A9 /* Assets.xcassets */,
				A71BBC67227045C900F638A9 /* LaunchScreen.storyboard */,
				A71BBC6A227045C900F638A9 /* Info.plist */,
				A71BBC6B227045C900F638A9 /* main.m */,
				A71BBC722270471000F638A9 /* MyTableViewController.h */,
				A71BBC732270471000F638A9 /* MyTableViewController.m */,
				A71BBC7522704AF000F638A9 /* MyTableViewCell.h */,
				A71BBC7622704AF000F638A9 /* MyTableViewCell.m */,
			);
			path = CustomTableRow;
			sourceTree = "<group>";
		};
/* End PBXGroup section */

/* Begin PBXNativeTarget section */
		A71BBC58227045C800F638A9 /* CustomTableRow */ = {
			isa = PBXNativeTarget;
			buildConfigurationList = A71BBC6F227045C900F638A9 /* Build configuration list for PBXNativeTarget "CustomTableRow" */;
			buildPhases = (
				A71BBC55227045C800F638A9 /* Sources */,
				A71BBC56227045C800F638A9 /* Frameworks */,
				A71BBC57227045C800F638A9 /* Resources */,
			);
			buildRules = (
			);
			dependencies = (
			);
			name = CustomTableRow;
			productName = CustomTableRow;
			productReference = A71BBC59227045C800F638A9 /* CustomTableRow.app */;
			productType = "com.apple.product-type.application";
		};
/* End PBXNativeTarget section */

/* Begin PBXProject section */
		A71BBC51227045C800F638A9 /* Project object */ = {
			isa = PBXProject;
			attributes = {
				LastUpgradeCheck = 1010;
				ORGANIZATIONNAME = MaiAlaa;
				TargetAttributes = {
					A71BBC58227045C800F638A9 = {
						CreatedOnToolsVersion = 10.1;
					};
				};
			};
			buildConfigurationList = A71BBC54227045C800F638A9 /* Build configuration list for PBXProject "CustomTableRow" */;
			compatibilityVersion = "Xcode 9.3";
			developmentRegion = en;
			hasScannedForEncodings = 0;
			knownRegions = (
				en,
				Base,
			);
			mainGroup = A71BBC50227045C800F638A9;
			productRefGroup = A71BBC5A227045C800F638A9 /* Products */;
			projectDirPath = "";
			projectRoot = "";
			targets = (
				A71BBC58227045C800F638A9 /* CustomTableRow */,
			);
		};
/* End PBXProject section */

/* Begin PBXResourcesBuildPhase section */
		A71BBC57227045C800F638A9 /* Resources */ = {
			isa = PBXResourcesBuildPhase;
			buildActionMask = 2147483647;
			files = (
				A71BBC69227045C900F638A9 /* LaunchScreen.storyboard in Resources */,
				A71BBC66227045C900F638A9 /* Assets.xcassets in Resources */,
				BA7C50992273350D00DD5ADF /* apple.png in Resources */,
				A71BBC64227045C800F638A9 /* Main.storyboard in Resources */,
			);
			runOnlyForDeploymentPostprocessing = 0;
		};
/* End PBXResourcesBuildPhase section */

/* Begin PBXSourcesBuildPhase section */
		A71BBC55227045C800F638A9 /* Sources */ = {
			isa = PBXSourcesBuildPhase;
			buildActionMask = 2147483647;
			files = (
				A71BBC61227045C800F638A9 /* ViewController.m in Sources */,
				A71BBC6C227045C900F638A9 /* main.m in Sources */,
				A71BBC5E227045C800F638A9 /* AppDelegate.m in Sources */,
				A71BBC742270471000F638A9 /* MyTableViewController.m in Sources */,
				A71BBC7722704AF000F638A9 /* MyTableViewCell.m in Sources */,
			);
			runOnlyForDeploymentPostprocessing = 0;
		};
/* End PBXSourcesBuildPhase section */

/* Begin PBXVariantGroup section */
		A71BBC62227045C800F638A9 /* Main.storyboard */ = {
			isa = PBXVariantGroup;
			children = (
				A71BBC63227045C800F638A9 /* Base */,
			);
			name = Main.storyboard;
			sourceTree = "<group>";
		};
		A71BBC67227045C900F638A9 /* LaunchScreen.storyboard */ = {
			isa = PBXVariantGroup;
			children = (
				A71BBC68227045C900F638A9 /* Base */,
			);
			name = LaunchScreen.storyboard;
			sourceTree = "<group>";
		};
/* End PBXVariantGroup section */

/* Begin XCBuildConfiguration section */
		A71BBC6D227045C900F638A9 /* Debug */ = {
			isa = XCBuildConfiguration;
			buildSettings = {
				ALWAYS_SEARCH_USER_PATHS = NO;
				CLANG_ANALYZER_NONNULL = YES;
				CLANG_ANALYZER_NUMBER_OBJECT_CONVERSION = YES_AGGRESSIVE;
				CLANG_CXX_LANGUAGE_STANDARD = "gnu++14";
				CLANG_CXX_LIBRARY = "libc++";
				CLANG_ENABLE_MODULES = YES;
				CLANG_ENABLE_OBJC_ARC = YES;
				CLANG_ENABLE_OBJC_WEAK = YES;
				CLANG_WARN_BLOCK_CAPTURE_AUTORELEASING = YES;
				CLANG_WARN_BOOL_CONVERSION = YES;
				CLANG_WARN_COMMA = YES;
				CLANG_WARN_CONSTANT_CONVERSION = YES;
				CLANG_WARN_DEPRECATED_OBJC_IMPLEMENTATIONS = YES;
				CLANG_WARN_DIRECT_OBJC_ISA_USAGE = YES_ERROR;
				CLANG_WARN_DOCUMENTATION_COMMENTS = YES;
				CLANG_WARN_EMPTY_BODY = YES;
				CLANG_WARN_ENUM_CONVERSION = YES;
				CLANG_WARN_INFINITE_RECURSION = YES;
				CLANG_WARN_INT_CONVERSION = YES;
				CLANG_WARN_NON_LITERAL_NULL_CONVERSION = YES;
				CLANG_WARN_OBJC_IMPLICIT_RETAIN_SELF = YES;
				CLANG_WARN_OBJC_LITERAL_CONVERSION = YES;
				CLANG_WARN_OBJC_ROOT_CLASS = YES_ERROR;
				CLANG_WARN_RANGE_LOOP_ANALYSIS = YES;
				CLANG_WARN_STRICT_PROTOTYPES = YES;
				CLANG_WARN_SUSPICIOUS_MOVE = YES;
				CLANG_WARN_UNGUARDED_AVAILABILITY = YES_AGGRESSIVE;
				CLANG_WARN_UNREACHABLE_CODE = YES;
				CLANG_WARN__DUPLICATE_METHOD_MATCH = YES;
				CODE_SIGN_IDENTITY = "iPhone Developer";
				COPY_PHASE_STRIP = NO;
				DEBUG_INFORMATION_FORMAT = dwarf;
				ENABLE_STRICT_OBJC_MSGSEND = YES;
				ENABLE_TESTABILITY = YES;
				GCC_C_LANGUAGE_STANDARD = gnu11;
				GCC_DYNAMIC_NO_PIC = NO;
				GCC_NO_COMMON_BLOCKS = YES;
				GCC_OPTIMIZATION_LEVEL = 0;
				GCC_PREPROCESSOR_DEFINITIONS = (
					"DEBUG=1",
					"$(inherited)",
				);
				GCC_WARN_64_TO_32_BIT_CONVERSION = YES;
				GCC_WARN_ABOUT_RETURN_TYPE = YES_ERROR;
				GCC_WARN_UNDECLARED_SELECTOR = YES;
				GCC_WARN_UNINITIALIZED_AUTOS = YES_AGGRESSIVE;
				GCC_WARN_UNUSED_FUNCTION = YES;
				GCC_WARN_UNUSED_VARIABLE = YES;
				IPHONEOS_DEPLOYMENT_TARGET = 11.3;
				MTL_ENABLE_DEBUG_INFO = INCLUDE_SOURCE;
				MTL_FAST_MATH = YES;
				ONLY_ACTIVE_ARCH = YES;
				SDKROOT = iphoneos;
			};
			name = Debug;
		};
		A71BBC6E227045C900F638A9 /* Release */ = {
			isa = XCBuildConfiguration;
			buildSettings = {
				ALWAYS_SEARCH_USER_PATHS = NO;
				CLANG_ANALYZER_NONNULL = YES;
				CLANG_ANALYZER_NUMBER_OBJECT_CONVERSION = YES_AGGRESSIVE;
				CLANG_CXX_LANGUAGE_STANDARD = "gnu++14";
				CLANG_CXX_LIBRARY = "libc++";
				CLANG_ENABLE_MODULES = YES;
				CLANG_ENABLE_OBJC_ARC = YES;
				CLANG_ENABLE_OBJC_WEAK = YES;
				CLANG_WARN_BLOCK_CAPTURE_AUTORELEASING = YES;
				CLANG_WARN_BOOL_CONVERSION = YES;
				CLANG_WARN_COMMA = YES;
				CLANG_WARN_CONSTANT_CONVERSION = YES;
				CLANG_WARN_DEPRECATED_OBJC_IMPLEMENTATIONS = YES;
				CLANG_WARN_DIRECT_OBJC_ISA_USAGE = YES_ERROR;
				CLANG_WARN_DOCUMENTATION_COMMENTS = YES;
				CLANG_WARN_EMPTY_BODY = YES;
				CLANG_WARN_ENUM_CONVERSION = YES;
				CLANG_WARN_INFINITE_RECURSION = YES;
				CLANG_WARN_INT_CONVERSION = YES;
				CLANG_WARN_NON_LITERAL_NULL_CONVERSION = YES;
				CLANG_WARN_OBJC_IMPLICIT_RETAIN_SELF = YES;
				CLANG_WARN_OBJC_LITERAL_CONVERSION = YES;
				CLANG_WARN_OBJC_ROOT_CLASS = YES_ERROR;
				CLANG_WARN_RANGE_LOOP_ANALYSIS = YES;
				CLANG_WARN_STRICT_PROTOTYPES = YES;
				CLANG_WARN_SUSPICIOUS_MOVE = YES;
				CLANG_WARN_UNGUARDED_AVAILABILITY = YES_AGGRESSIVE;
				CLANG_WARN_UNREACHABLE_CODE = YES;
				CLANG_WARN__DUPLICATE_METHOD_MATCH = YES;
				CODE_SIGN_IDENTITY = "iPhone Developer";
				COPY_PHASE_STRIP = NO;
				DEBUG_INFORMATION_FORMAT = "dwarf-with-dsym";
				ENABLE_NS_ASSERTIONS = NO;
				ENABLE_STRICT_OBJC_MSGSEND = YES;
				GCC_C_LANGUAGE_STANDARD = gnu11;
				GCC_NO_COMMON_BLOCKS = YES;
				GCC_WARN_64_TO_32_BIT_CONVERSION = YES;
				GCC_WARN_ABOUT_RETURN_TYPE = YES_ERROR;
				GCC_WARN_UNDECLARED_SELECTOR = YES;
				GCC_WARN_UNINITIALIZED_AUTOS = YES_AGGRESSIVE;
				GCC_WARN_UNUSED_FUNCTION = YES;
				GCC_WARN_UNUSED_VARIABLE = YES;
				IPHONEOS_DEPLOYMENT_TARGET = 11.3;
				MTL_ENABLE_DEBUG_INFO = NO;
				MTL_FAST_MATH = YES;
				SDKROOT = iphoneos;
				VALIDATE_PRODUCT = YES;
			};
			name = Release;
		};
		A71BBC70227045C900F638A9 /* Debug */ = {
			isa = XCBuildConfiguration;
			buildSettings = {
				ASSETCATALOG_COMPILER_APPICON_NAME = AppIcon;
				CODE_SIGN_STYLE = Automatic;
				INFOPLIST_FILE = CustomTableRow/Info.plist;
				LD_RUNPATH_SEARCH_PATHS = (
					"$(inherited)",
					"@executable_path/Frameworks",
				);
				PRODUCT_BUNDLE_IDENTIFIER = Mai.CustomTableRow;
				PRODUCT_NAME = "$(TARGET_NAME)";
				TARGETED_DEVICE_FAMILY = "1,2";
			};
			name = Debug;
		};
		A71BBC71227045C900F638A9 /* Release */ = {
			isa = XCBuildConfiguration;
			buildSettings = {
				ASSETCATALOG_COMPILER_APPICON_NAME = AppIcon;
				CODE_SIGN_STYLE = Automatic;
				INFOPLIST_FILE = CustomTableRow/Info.plist;
				LD_RUNPATH_SEARCH_PATHS = (
					"$(inherited)",
					"@executable_path/Frameworks",
				);
				PRODUCT_BUNDLE_IDENTIFIER = Mai.CustomTableRow;
				PRODUCT_NAME = "$(TARGET_NAME)";
				TARGETED_DEVICE_FAMILY = "1,2";
			};
			name = Release;
		};
/* End XCBuildConfiguration section */

/* Begin XCConfigurationList section */
		A71BBC54227045C800F638A9 /* Build configuration list for PBXProject "CustomTableRow" */ = {
			isa = XCConfigurationList;
			buildConfigurations = (
				A71BBC6D227045C900F638A9 /* Debug */,
				A71BBC6E227045C900F638A9 /* Release */,
			);
			defaultConfigurationIsVisible = 0;
			defaultConfigurationName = Release;
		};
		A71BBC6F227045C900F638A9 /* Build configuration list for PBXNativeTarget "CustomTableRow" */ = {
			isa = XCConfigurationList;
			buildConfigurations = (
				A71BBC70227045C900F638A9 /* Debug */,
				A71BBC71227045C900F638A9 /* Release */,
			);
			defaultConfigurationIsVisible = 0;
			defaultConfigurationName = Release;
		};
/* End XCConfigurationList section */
	};
	rootObject = A71BBC51227045C800F638A9 /* Project object */;
}
